
Microsoft Visual Studio Solution File, Format Version 12.00
# Visual Studio Version 17
VisualStudioVersion = 17.9.34728.123
MinimumVisualStudioVersion = 10.0.40219.1
Project("{FAE04EC0-301F-11D3-BF4B-00C04F79EFBC}") = "Data", "Data\Data.csproj", "{CAFCD143-F1DB-444C-BACA-1DB75C985BC9}"
EndProject
Project("{FAE04EC0-301F-11D3-BF4B-00C04F79EFBC}") = "Logic", "Logic\Logic.csproj", "{A888FB38-8C22-4EC5-BC5B-F5E94F774BA4}"
EndProject
Project("{FAE04EC0-301F-11D3-BF4B-00C04F79EFBC}") = "View", "View\View.csproj", "{27402A3B-ADFC-416A-9E6B-E4B5717DE98B}"
	ProjectSection(ProjectDependencies) = postProject
		{A888FB38-8C22-4EC5-BC5B-F5E94F774BA4} = {A888FB38-8C22-4EC5-BC5B-F5E94F774BA4}
	EndProjectSection
EndProject
Project("{FAE04EC0-301F-11D3-BF4B-00C04F79EFBC}") = "Model", "Model\Model.csproj", "{C1905F1B-368F-4723-B9DF-B270D5500F00}"
EndProject
Project("{FAE04EC0-301F-11D3-BF4B-00C04F79EFBC}") = "DataTest", "DataTest\DataTest.csproj", "{F2643436-6C9D-4728-A8F9-5C952E640921}"
EndProject
Project("{FAE04EC0-301F-11D3-BF4B-00C04F79EFBC}") = "ModelTest", "ModelTest\ModelTest.csproj", "{7E017DAD-8AE6-4B6C-B25F-CE484D374AA2}"
EndProject
Project("{FAE04EC0-301F-11D3-BF4B-00C04F79EFBC}") = "LogicTest", "LogicTest\LogicTest.csproj", "{52907A07-23CC-4BA1-BC92-76B1CFA5A9E0}"
EndProject
Global
	GlobalSection(SolutionConfigurationPlatforms) = preSolution
		Debug|Any CPU = Debug|Any CPU
		Release|Any CPU = Release|Any CPU
	EndGlobalSection
	GlobalSection(ProjectConfigurationPlatforms) = postSolution
		{CAFCD143-F1DB-444C-BACA-1DB75C985BC9}.Debug|Any CPU.ActiveCfg = Debug|Any CPU
		{CAFCD143-F1DB-444C-BACA-1DB75C985BC9}.Debug|Any CPU.Build.0 = Debug|Any CPU
		{CAFCD143-F1DB-444C-BACA-1DB75C985BC9}.Release|Any CPU.ActiveCfg = Release|Any CPU
		{CAFCD143-F1DB-444C-BACA-1DB75C985BC9}.Release|Any CPU.Build.0 = Release|Any CPU
		{A888FB38-8C22-4EC5-BC5B-F5E94F774BA4}.Debug|Any CPU.ActiveCfg = Debug|Any CPU
		{A888FB38-8C22-4EC5-BC5B-F5E94F774BA4}.Debug|Any CPU.Build.0 = Debug|Any CPU
		{A888FB38-8C22-4EC5-BC5B-F5E94F774BA4}.Release|Any CPU.ActiveCfg = Release|Any CPU
		{A888FB38-8C22-4EC5-BC5B-F5E94F774BA4}.Release|Any CPU.Build.0 = Release|Any CPU
		{27402A3B-ADFC-416A-9E6B-E4B5717DE98B}.Debug|Any CPU.ActiveCfg = Debug|x64
		{27402A3B-ADFC-416A-9E6B-E4B5717DE98B}.Debug|Any CPU.Build.0 = Debug|x64
		{27402A3B-ADFC-416A-9E6B-E4B5717DE98B}.Debug|Any CPU.Deploy.0 = Debug|x64
		{27402A3B-ADFC-416A-9E6B-E4B5717DE98B}.Release|Any CPU.ActiveCfg = Release|x64
		{27402A3B-ADFC-416A-9E6B-E4B5717DE98B}.Release|Any CPU.Build.0 = Release|x64
		{27402A3B-ADFC-416A-9E6B-E4B5717DE98B}.Release|Any CPU.Deploy.0 = Release|x64
		{C1905F1B-368F-4723-B9DF-B270D5500F00}.Debug|Any CPU.ActiveCfg = Debug|Any CPU
		{C1905F1B-368F-4723-B9DF-B270D5500F00}.Debug|Any CPU.Build.0 = Debug|Any CPU
		{C1905F1B-368F-4723-B9DF-B270D5500F00}.Release|Any CPU.ActiveCfg = Release|Any CPU
		{C1905F1B-368F-4723-B9DF-B270D5500F00}.Release|Any CPU.Build.0 = Release|Any CPU
		{F2643436-6C9D-4728-A8F9-5C952E640921}.Debug|Any CPU.ActiveCfg = Debug|Any CPU
		{F2643436-6C9D-4728-A8F9-5C952E640921}.Debug|Any CPU.Build.0 = Debug|Any CPU
		{F2643436-6C9D-4728-A8F9-5C952E640921}.Release|Any CPU.ActiveCfg = Release|Any CPU
		{F2643436-6C9D-4728-A8F9-5C952E640921}.Release|Any CPU.Build.0 = Release|Any CPU
		{7E017DAD-8AE6-4B6C-B25F-CE484D374AA2}.Debug|Any CPU.ActiveCfg = Debug|Any CPU
		{7E017DAD-8AE6-4B6C-B25F-CE484D374AA2}.Debug|Any CPU.Build.0 = Debug|Any CPU
		{7E017DAD-8AE6-4B6C-B25F-CE484D374AA2}.Release|Any CPU.ActiveCfg = Release|Any CPU
		{7E017DAD-8AE6-4B6C-B25F-CE484D374AA2}.Release|Any CPU.Build.0 = Release|Any CPU
		{52907A07-23CC-4BA1-BC92-76B1CFA5A9E0}.Debug|Any CPU.ActiveCfg = Debug|Any CPU
		{52907A07-23CC-4BA1-BC92-76B1CFA5A9E0}.Debug|Any CPU.Build.0 = Debug|Any CPU
		{52907A07-23CC-4BA1-BC92-76B1CFA5A9E0}.Release|Any CPU.ActiveCfg = Release|Any CPU
		{52907A07-23CC-4BA1-BC92-76B1CFA5A9E0}.Release|Any CPU.Build.0 = Release|Any CPU
	EndGlobalSection
	GlobalSection(SolutionProperties) = preSolution
		HideSolutionNode = FALSE
	EndGlobalSection
	GlobalSection(ExtensibilityGlobals) = postSolution
		SolutionGuid = {A7584810-E9A1-4AD8-A688-D97A44B1D9E8}
	EndGlobalSection
EndGlobal
